
Microsoft Visual Studio Solution File, Format Version 12.00
# Visual Studio Version 16
VisualStudioVersion = 16.0.30717.126
MinimumVisualStudioVersion = 10.0.40219.1
Project("{8BC9CEB8-8B4A-11D0-8D11-00A0C91BC942}") = "Swap", "Swap\Swap.vcxproj", "{178268E1-CB62-4DE0-ACA2-65161AF2CD4A}"
EndProject
Global
	GlobalSection(SolutionConfigurationPlatforms) = preSolution
		Debug|x64 = Debug|x64
		Debug|x86 = Debug|x86
		Release|x64 = Release|x64
		Release|x86 = Release|x86
	EndGlobalSection
	GlobalSection(ProjectConfigurationPlatforms) = postSolution
		{178268E1-CB62-4DE0-ACA2-65161AF2CD4A}.Debug|x64.ActiveCfg = Debug|x64
		{178268E1-CB62-4DE0-ACA2-65161AF2CD4A}.Debug|x64.Build.0 = Debug|x64
		{178268E1-CB62-4DE0-ACA2-65161AF2CD4A}.Debug|x86.ActiveCfg = Debug|Win32
		{178268E1-CB62-4DE0-ACA2-65161AF2CD4A}.Debug|x86.Build.0 = Debug|Win32
		{178268E1-CB62-4DE0-ACA2-65161AF2CD4A}.Release|x64.ActiveCfg = Release|x64
		{178268E1-CB62-4DE0-ACA2-65161AF2CD4A}.Release|x64.Build.0 = Release|x64
		{178268E1-CB62-4DE0-ACA2-65161AF2CD4A}.Release|x86.ActiveCfg = Release|Win32
		{178268E1-CB62-4DE0-ACA2-65161AF2CD4A}.Release|x86.Build.0 = Release|Win32
	EndGlobalSection
	GlobalSection(SolutionProperties) = preSolution
		HideSolutionNode = FALSE
	EndGlobalSection
	GlobalSection(ExtensibilityGlobals) = postSolution
		SolutionGuid = {73758AF7-5619-4942-9A91-4F7B9672960B}
	EndGlobalSection
EndGlobal
